
Microsoft Visual Studio Solution File, Format Version 12.00
# Visual Studio Version 17
VisualStudioVersion = 17.10.35122.118
MinimumVisualStudioVersion = 10.0.40219.1
Project("{8BC9CEB8-8B4A-11D0-8D11-00A0C91BC942}") = "opencvtest", "opencvtest\opencvtest.vcxproj", "{7CDFBA67-1ACE-4344-A744-194D90D9B34F}"
EndProject
Global
	GlobalSection(SolutionConfigurationPlatforms) = preSolution
		Debug|x64 = Debug|x64
		Debug|x86 = Debug|x86
		Release|x64 = Release|x64
		Release|x86 = Release|x86
	EndGlobalSection
	GlobalSection(ProjectConfigurationPlatforms) = postSolution
		{7CDFBA67-1ACE-4344-A744-194D90D9B34F}.Debug|x64.ActiveCfg = Debug|x64
		{7CDFBA67-1ACE-4344-A744-194D90D9B34F}.Debug|x64.Build.0 = Debug|x64
		{7CDFBA67-1ACE-4344-A744-194D90D9B34F}.Debug|x86.ActiveCfg = Debug|Win32
		{7CDFBA67-1ACE-4344-A744-194D90D9B34F}.Debug|x86.Build.0 = Debug|Win32
		{7CDFBA67-1ACE-4344-A744-194D90D9B34F}.Release|x64.ActiveCfg = Release|x64
		{7CDFBA67-1ACE-4344-A744-194D90D9B34F}.Release|x64.Build.0 = Release|x64
		{7CDFBA67-1ACE-4344-A744-194D90D9B34F}.Release|x86.ActiveCfg = Release|Win32
		{7CDFBA67-1ACE-4344-A744-194D90D9B34F}.Release|x86.Build.0 = Release|Win32
	EndGlobalSection
	GlobalSection(SolutionProperties) = preSolution
		HideSolutionNode = FALSE
	EndGlobalSection
	GlobalSection(ExtensibilityGlobals) = postSolution
		SolutionGuid = {2D837989-FFEE-4988-9FD9-7AA5D43E9F23}
	EndGlobalSection
EndGlobal
